
Microsoft Visual Studio Solution File, Format Version 12.00
# Visual Studio Version 17
VisualStudioVersion = 17.11.35312.102
MinimumVisualStudioVersion = 10.0.40219.1
Project("{FAE04EC0-301F-11D3-BF4B-00C04F79EFBC}") = "SRP_1", "SRP_1\SRP_1.csproj", "{8E644542-F617-4844-AA83-911E2CEFFE25}"
EndProject
Project("{FAE04EC0-301F-11D3-BF4B-00C04F79EFBC}") = "SingleDesignpattern_03", "SingleDesignpattern_03\SingleDesignpattern_03.csproj", "{7EE558B2-A97B-44E1-A74E-85E708F2882F}"
EndProject
Project("{FAE04EC0-301F-11D3-BF4B-00C04F79EFBC}") = "FactoryDesignPattern", "FactoryDesignPattern\FactoryDesignPattern.csproj", "{A776EF3C-8625-4D7D-99A6-A4140A3BA358}"
EndProject
Project("{FAE04EC0-301F-11D3-BF4B-00C04F79EFBC}") = "CrudDemos_2Solid", "CrudDemos_2Solid\CrudDemos_2Solid.csproj", "{EDD54E7F-9B75-4630-82C4-F7FC7E9FF2F8}"
EndProject
Project("{2150E333-8FDC-42A3-9474-1A3956D46DE8}") = "Project Architecture", "Project Architecture", "{00553480-A249-41BE-A18A-33CF938C8C53}"
EndProject
Project("{FAE04EC0-301F-11D3-BF4B-00C04F79EFBC}") = "DAL", "DAL\DAL.csproj", "{E7A4B7B1-96E9-4300-80E5-62F392513BB6}"
EndProject
Project("{FAE04EC0-301F-11D3-BF4B-00C04F79EFBC}") = "BAL", "BAL\BAL.csproj", "{B6A0584A-6C91-4864-B790-5CA1BDC0DC08}"
EndProject
Project("{FAE04EC0-301F-11D3-BF4B-00C04F79EFBC}") = "Repository", "Repository\Repository.csproj", "{5F1EE16D-4097-417A-9C64-5FC22FCABB61}"
EndProject
Project("{FAE04EC0-301F-11D3-BF4B-00C04F79EFBC}") = "Models", "Models\Models.csproj", "{5470C3F4-7C9A-4049-B8A9-27EE20AFFD3C}"
EndProject
Project("{FAE04EC0-301F-11D3-BF4B-00C04F79EFBC}") = "Web_UI_client", "Web_UI_client\Web_UI_client.csproj", "{22C92A67-4A9F-4B79-9F66-088E48B1779F}"
EndProject
Project("{2150E333-8FDC-42A3-9474-1A3956D46DE8}") = "Project Architecture_Ex", "Project Architecture_Ex", "{D7E3EE38-231F-4544-BF72-23207495C295}"
EndProject
Project("{FAE04EC0-301F-11D3-BF4B-00C04F79EFBC}") = "DAL", "D:\Parmesh Git\DAL\DAL.csproj", "{4D76F9CD-C936-4441-B6D0-5BC6B4DD3829}"
EndProject
Project("{FAE04EC0-301F-11D3-BF4B-00C04F79EFBC}") = "BAL", "D:\Parmesh Git\BAL\BAL.csproj", "{61ED9590-6615-4DD7-9BC7-793C1CA7479A}"
EndProject
Project("{FAE04EC0-301F-11D3-BF4B-00C04F79EFBC}") = "Repository", "D:\Parmesh Git\Repository\Repository.csproj", "{3B6D746B-5B2F-4BF1-BCEF-34230A09173F}"
EndProject
Project("{FAE04EC0-301F-11D3-BF4B-00C04F79EFBC}") = "Models", "D:\Parmesh Git\Models\Models.csproj", "{2F1FF4A9-7D80-4039-9FB5-DC15D1017B7D}"
EndProject
Project("{FAE04EC0-301F-11D3-BF4B-00C04F79EFBC}") = "WebUi", "D:\Parmesh Git\WebUi\WebUi.csproj", "{423D0109-826E-4FA8-A58A-F123808254AE}"
EndProject
Global
	GlobalSection(SolutionConfigurationPlatforms) = preSolution
		Debug|Any CPU = Debug|Any CPU
		Release|Any CPU = Release|Any CPU
	EndGlobalSection
	GlobalSection(ProjectConfigurationPlatforms) = postSolution
		{8E644542-F617-4844-AA83-911E2CEFFE25}.Debug|Any CPU.ActiveCfg = Debug|Any CPU
		{8E644542-F617-4844-AA83-911E2CEFFE25}.Debug|Any CPU.Build.0 = Debug|Any CPU
		{8E644542-F617-4844-AA83-911E2CEFFE25}.Release|Any CPU.ActiveCfg = Release|Any CPU
		{8E644542-F617-4844-AA83-911E2CEFFE25}.Release|Any CPU.Build.0 = Release|Any CPU
		{7EE558B2-A97B-44E1-A74E-85E708F2882F}.Debug|Any CPU.ActiveCfg = Debug|Any CPU
		{7EE558B2-A97B-44E1-A74E-85E708F2882F}.Debug|Any CPU.Build.0 = Debug|Any CPU
		{7EE558B2-A97B-44E1-A74E-85E708F2882F}.Release|Any CPU.ActiveCfg = Release|Any CPU
		{7EE558B2-A97B-44E1-A74E-85E708F2882F}.Release|Any CPU.Build.0 = Release|Any CPU
		{A776EF3C-8625-4D7D-99A6-A4140A3BA358}.Debug|Any CPU.ActiveCfg = Debug|Any CPU
		{A776EF3C-8625-4D7D-99A6-A4140A3BA358}.Debug|Any CPU.Build.0 = Debug|Any CPU
		{A776EF3C-8625-4D7D-99A6-A4140A3BA358}.Release|Any CPU.ActiveCfg = Release|Any CPU
		{A776EF3C-8625-4D7D-99A6-A4140A3BA358}.Release|Any CPU.Build.0 = Release|Any CPU
		{EDD54E7F-9B75-4630-82C4-F7FC7E9FF2F8}.Debug|Any CPU.ActiveCfg = Debug|Any CPU
		{EDD54E7F-9B75-4630-82C4-F7FC7E9FF2F8}.Debug|Any CPU.Build.0 = Debug|Any CPU
		{EDD54E7F-9B75-4630-82C4-F7FC7E9FF2F8}.Release|Any CPU.ActiveCfg = Release|Any CPU
		{EDD54E7F-9B75-4630-82C4-F7FC7E9FF2F8}.Release|Any CPU.Build.0 = Release|Any CPU
		{E7A4B7B1-96E9-4300-80E5-62F392513BB6}.Debug|Any CPU.ActiveCfg = Debug|Any CPU
		{E7A4B7B1-96E9-4300-80E5-62F392513BB6}.Debug|Any CPU.Build.0 = Debug|Any CPU
		{E7A4B7B1-96E9-4300-80E5-62F392513BB6}.Release|Any CPU.ActiveCfg = Release|Any CPU
		{E7A4B7B1-96E9-4300-80E5-62F392513BB6}.Release|Any CPU.Build.0 = Release|Any CPU
		{B6A0584A-6C91-4864-B790-5CA1BDC0DC08}.Debug|Any CPU.ActiveCfg = Debug|Any CPU
		{B6A0584A-6C91-4864-B790-5CA1BDC0DC08}.Debug|Any CPU.Build.0 = Debug|Any CPU
		{B6A0584A-6C91-4864-B790-5CA1BDC0DC08}.Release|Any CPU.ActiveCfg = Release|Any CPU
		{B6A0584A-6C91-4864-B790-5CA1BDC0DC08}.Release|Any CPU.Build.0 = Release|Any CPU
		{5F1EE16D-4097-417A-9C64-5FC22FCABB61}.Debug|Any CPU.ActiveCfg = Debug|Any CPU
		{5F1EE16D-4097-417A-9C64-5FC22FCABB61}.Debug|Any CPU.Build.0 = Debug|Any CPU
		{5F1EE16D-4097-417A-9C64-5FC22FCABB61}.Release|Any CPU.ActiveCfg = Release|Any CPU
		{5F1EE16D-4097-417A-9C64-5FC22FCABB61}.Release|Any CPU.Build.0 = Release|Any CPU
		{5470C3F4-7C9A-4049-B8A9-27EE20AFFD3C}.Debug|Any CPU.ActiveCfg = Debug|Any CPU
		{5470C3F4-7C9A-4049-B8A9-27EE20AFFD3C}.Debug|Any CPU.Build.0 = Debug|Any CPU
		{5470C3F4-7C9A-4049-B8A9-27EE20AFFD3C}.Release|Any CPU.ActiveCfg = Release|Any CPU
		{5470C3F4-7C9A-4049-B8A9-27EE20AFFD3C}.Release|Any CPU.Build.0 = Release|Any CPU
		{22C92A67-4A9F-4B79-9F66-088E48B1779F}.Debug|Any CPU.ActiveCfg = Debug|Any CPU
		{22C92A67-4A9F-4B79-9F66-088E48B1779F}.Debug|Any CPU.Build.0 = Debug|Any CPU
		{22C92A67-4A9F-4B79-9F66-088E48B1779F}.Release|Any CPU.ActiveCfg = Release|Any CPU
		{22C92A67-4A9F-4B79-9F66-088E48B1779F}.Release|Any CPU.Build.0 = Release|Any CPU
		{4D76F9CD-C936-4441-B6D0-5BC6B4DD3829}.Debug|Any CPU.ActiveCfg = Debug|Any CPU
		{4D76F9CD-C936-4441-B6D0-5BC6B4DD3829}.Debug|Any CPU.Build.0 = Debug|Any CPU
		{4D76F9CD-C936-4441-B6D0-5BC6B4DD3829}.Release|Any CPU.ActiveCfg = Release|Any CPU
		{4D76F9CD-C936-4441-B6D0-5BC6B4DD3829}.Release|Any CPU.Build.0 = Release|Any CPU
		{61ED9590-6615-4DD7-9BC7-793C1CA7479A}.Debug|Any CPU.ActiveCfg = Debug|Any CPU
		{61ED9590-6615-4DD7-9BC7-793C1CA7479A}.Debug|Any CPU.Build.0 = Debug|Any CPU
		{61ED9590-6615-4DD7-9BC7-793C1CA7479A}.Release|Any CPU.ActiveCfg = Release|Any CPU
		{61ED9590-6615-4DD7-9BC7-793C1CA7479A}.Release|Any CPU.Build.0 = Release|Any CPU
		{3B6D746B-5B2F-4BF1-BCEF-34230A09173F}.Debug|Any CPU.ActiveCfg = Debug|Any CPU
		{3B6D746B-5B2F-4BF1-BCEF-34230A09173F}.Debug|Any CPU.Build.0 = Debug|Any CPU
		{3B6D746B-5B2F-4BF1-BCEF-34230A09173F}.Release|Any CPU.ActiveCfg = Release|Any CPU
		{3B6D746B-5B2F-4BF1-BCEF-34230A09173F}.Release|Any CPU.Build.0 = Release|Any CPU
		{2F1FF4A9-7D80-4039-9FB5-DC15D1017B7D}.Debug|Any CPU.ActiveCfg = Debug|Any CPU
		{2F1FF4A9-7D80-4039-9FB5-DC15D1017B7D}.Debug|Any CPU.Build.0 = Debug|Any CPU
		{2F1FF4A9-7D80-4039-9FB5-DC15D1017B7D}.Release|Any CPU.ActiveCfg = Release|Any CPU
		{2F1FF4A9-7D80-4039-9FB5-DC15D1017B7D}.Release|Any CPU.Build.0 = Release|Any CPU
		{423D0109-826E-4FA8-A58A-F123808254AE}.Debug|Any CPU.ActiveCfg = Debug|Any CPU
		{423D0109-826E-4FA8-A58A-F123808254AE}.Debug|Any CPU.Build.0 = Debug|Any CPU
		{423D0109-826E-4FA8-A58A-F123808254AE}.Release|Any CPU.ActiveCfg = Release|Any CPU
		{423D0109-826E-4FA8-A58A-F123808254AE}.Release|Any CPU.Build.0 = Release|Any CPU
	EndGlobalSection
	GlobalSection(SolutionProperties) = preSolution
		HideSolutionNode = FALSE
	EndGlobalSection
	GlobalSection(NestedProjects) = preSolution
		{E7A4B7B1-96E9-4300-80E5-62F392513BB6} = {00553480-A249-41BE-A18A-33CF938C8C53}
		{B6A0584A-6C91-4864-B790-5CA1BDC0DC08} = {00553480-A249-41BE-A18A-33CF938C8C53}
		{5F1EE16D-4097-417A-9C64-5FC22FCABB61} = {00553480-A249-41BE-A18A-33CF938C8C53}
		{5470C3F4-7C9A-4049-B8A9-27EE20AFFD3C} = {00553480-A249-41BE-A18A-33CF938C8C53}
		{22C92A67-4A9F-4B79-9F66-088E48B1779F} = {00553480-A249-41BE-A18A-33CF938C8C53}
		{4D76F9CD-C936-4441-B6D0-5BC6B4DD3829} = {D7E3EE38-231F-4544-BF72-23207495C295}
		{61ED9590-6615-4DD7-9BC7-793C1CA7479A} = {D7E3EE38-231F-4544-BF72-23207495C295}
		{3B6D746B-5B2F-4BF1-BCEF-34230A09173F} = {D7E3EE38-231F-4544-BF72-23207495C295}
		{2F1FF4A9-7D80-4039-9FB5-DC15D1017B7D} = {D7E3EE38-231F-4544-BF72-23207495C295}
		{423D0109-826E-4FA8-A58A-F123808254AE} = {D7E3EE38-231F-4544-BF72-23207495C295}
	EndGlobalSection
	GlobalSection(ExtensibilityGlobals) = postSolution
		SolutionGuid = {77F4EC11-7483-4527-9F85-9C1190EADC05}
	EndGlobalSection
EndGlobal
